
Microsoft Visual Studio Solution File, Format Version 12.00
# Visual Studio Version 17
VisualStudioVersion = 17.13.35828.75 d17.13
MinimumVisualStudioVersion = 10.0.40219.1
Project("{FAE04EC0-301F-11D3-BF4B-00C04F79EFBC}") = "PrometheusActivator", "PrometheusActivator.csproj", "{138E8E0C-4CE9-4744-B7F8-164849096511}"
EndProject
Global
	GlobalSection(SolutionConfigurationPlatforms) = preSolution
		Debug|Any CPU = Debug|Any CPU
		Release|Any CPU = Release|Any CPU
	EndGlobalSection
	GlobalSection(ProjectConfigurationPlatforms) = postSolution
		{138E8E0C-4CE9-4744-B7F8-164849096511}.Debug|Any CPU.ActiveCfg = Debug|Any CPU
		{138E8E0C-4CE9-4744-B7F8-164849096511}.Debug|Any CPU.Build.0 = Debug|Any CPU
		{138E8E0C-4CE9-4744-B7F8-164849096511}.Release|Any CPU.ActiveCfg = Release|Any CPU
		{138E8E0C-4CE9-4744-B7F8-164849096511}.Release|Any CPU.Build.0 = Release|Any CPU
	EndGlobalSection
	GlobalSection(SolutionProperties) = preSolution
		HideSolutionNode = FALSE
	EndGlobalSection
	GlobalSection(ExtensibilityGlobals) = postSolution
		SolutionGuid = {49408609-4AD1-4961-B81C-946F93BBE5B1}
	EndGlobalSection
EndGlobal
