
Microsoft Visual Studio Solution File, Format Version 12.00
# Visual Studio Version 17
VisualStudioVersion = 17.13.35825.156 d17.13
MinimumVisualStudioVersion = 10.0.40219.1
Project("{FAE04EC0-301F-11D3-BF4B-00C04F79EFBC}") = "PrometheusActivator", "PrometheusActivator.csproj", "{6BC3627C-6FE8-4E97-9BD3-0000C9BFAAB0}"
EndProject
Global
	GlobalSection(SolutionConfigurationPlatforms) = preSolution
		Debug|Any CPU = Debug|Any CPU
		Release|Any CPU = Release|Any CPU
	EndGlobalSection
	GlobalSection(ProjectConfigurationPlatforms) = postSolution
		{6BC3627C-6FE8-4E97-9BD3-0000C9BFAAB0}.Debug|Any CPU.ActiveCfg = Debug|Any CPU
		{6BC3627C-6FE8-4E97-9BD3-0000C9BFAAB0}.Debug|Any CPU.Build.0 = Debug|Any CPU
		{6BC3627C-6FE8-4E97-9BD3-0000C9BFAAB0}.Release|Any CPU.ActiveCfg = Release|Any CPU
		{6BC3627C-6FE8-4E97-9BD3-0000C9BFAAB0}.Release|Any CPU.Build.0 = Release|Any CPU
	EndGlobalSection
	GlobalSection(SolutionProperties) = preSolution
		HideSolutionNode = FALSE
	EndGlobalSection
	GlobalSection(ExtensibilityGlobals) = postSolution
		SolutionGuid = {50F7F12C-8D09-4F90-8B21-855274A8C296}
	EndGlobalSection
EndGlobal
